PODS:
  - Flutter (1.0.0)
  - flutter_dialog_shower (1.0.0):
    - Flutter

DEPENDENCIES:
  - Flutter (from `Flutter`)
  - flutter_dialog_shower (from `.symlinks/plugins/flutter_dialog_shower/ios`)

EXTERNAL SOURCES:
  Flutter:
    :path: Flutter
  flutter_dialog_shower:
    :path: ".symlinks/plugins/flutter_dialog_shower/ios"

SPEC CHECKSUMS:
  Flutter: f04841e97a9d0b0a8025694d0796dd46242b2854
  flutter_dialog_shower: dd6c19779e23f9e78eb22b31136f21b165ee7988

PODFILE CHECKSUM: 663715e941f9adb426e33bf9376914006f9ea95b

COCOAPODS: 1.11.3
