PODS:
  - Flutter (1.0.0)
  - flutter_dialog_shower (1.0.0):
    - Flutter

DEPENDENCIES:
  - Flutter (from `Flutter`)
  - flutter_dialog_shower (from `.symlinks/plugins/flutter_dialog_shower/ios`)

EXTERNAL SOURCES:
  Flutter:
    :path: Flutter
  flutter_dialog_shower:
    :path: ".symlinks/plugins/flutter_dialog_shower/ios"

SPEC CHECKSUMS:
  Flutter: 50d75fe2f02b26cc09d224853bb45737f8b3214a
  flutter_dialog_shower: dd6c19779e23f9e78eb22b31136f21b165ee7988

PODFILE CHECKSUM: 8e679eca47255a8ca8067c4c67aab20e64cb974d

COCOAPODS: 1.11.3
